
Microsoft Visual Studio Solution File, Format Version 12.00
# Visual Studio 14
VisualStudioVersion = 14.0.25420.1
MinimumVisualStudioVersion = 10.0.40219.1
Project("{2150E333-8FDC-42A3-9474-1A3956D46DE8}") = "src", "src", "{DA72596A-CE81-49FB-802D-1AB99A1D839A}"
EndProject
Project("{2150E333-8FDC-42A3-9474-1A3956D46DE8}") = "Solution Items", "Solution Items", "{5D0F2D08-12F6-423E-A3C8-B8D369EFB158}"
	ProjectSection(SolutionItems) = preProject
		global.json = global.json
	EndProjectSection
EndProject
Project("{8BB2217D-0F2D-49D1-97BC-3654ED321F3B}") = "ConsoleApp1", "src\ConsoleApp1\ConsoleApp1.xproj", "{1AF91524-AA82-44A6-9AAE-47573A3F0DBC}"
EndProject
Global
	GlobalSection(SolutionConfigurationPlatforms) = preSolution
		Debug|Any CPU = Debug|Any CPU
		Release|Any CPU = Release|Any CPU
	EndGlobalSection
	GlobalSection(ProjectConfigurationPlatforms) = postSolution
		{1AF91524-AA82-44A6-9AAE-47573A3F0DBC}.Debug|Any CPU.ActiveCfg = Debug|Any CPU
		{1AF91524-AA82-44A6-9AAE-47573A3F0DBC}.Debug|Any CPU.Build.0 = Debug|Any CPU
		{1AF91524-AA82-44A6-9AAE-47573A3F0DBC}.Release|Any CPU.ActiveCfg = Release|Any CPU
		{1AF91524-AA82-44A6-9AAE-47573A3F0DBC}.Release|Any CPU.Build.0 = Release|Any CPU
	EndGlobalSection
	GlobalSection(SolutionProperties) = preSolution
		HideSolutionNode = FALSE
	EndGlobalSection
	GlobalSection(NestedProjects) = preSolution
		{1AF91524-AA82-44A6-9AAE-47573A3F0DBC} = {DA72596A-CE81-49FB-802D-1AB99A1D839A}
	EndGlobalSection
EndGlobal
